
Microsoft Visual Studio Solution File, Format Version 12.00
# Visual Studio Version 16
VisualStudioVersion = 16.0.32510.428
MinimumVisualStudioVersion = 10.0.40219.1
Project("{FAE04EC0-301F-11D3-BF4B-00C04F79EFBC}") = "MemoryGame-DomashnaRabota", "MemoryGame-DomashnaRabota\MemoryGame-DomashnaRabota.csproj", "{215E6D5D-B26D-4E3A-ADBC-4B5BB29B1CC8}"
EndProject
Global
	GlobalSection(SolutionConfigurationPlatforms) = preSolution
		Debug|Any CPU = Debug|Any CPU
		Release|Any CPU = Release|Any CPU
	EndGlobalSection
	GlobalSection(ProjectConfigurationPlatforms) = postSolution
		{215E6D5D-B26D-4E3A-ADBC-4B5BB29B1CC8}.Debug|Any CPU.ActiveCfg = Debug|Any CPU
		{215E6D5D-B26D-4E3A-ADBC-4B5BB29B1CC8}.Debug|Any CPU.Build.0 = Debug|Any CPU
		{215E6D5D-B26D-4E3A-ADBC-4B5BB29B1CC8}.Release|Any CPU.ActiveCfg = Release|Any CPU
		{215E6D5D-B26D-4E3A-ADBC-4B5BB29B1CC8}.Release|Any CPU.Build.0 = Release|Any CPU
	EndGlobalSection
	GlobalSection(SolutionProperties) = preSolution
		HideSolutionNode = FALSE
	EndGlobalSection
	GlobalSection(ExtensibilityGlobals) = postSolution
		SolutionGuid = {29EC765F-BCCB-4D95-82A8-07715990C511}
	EndGlobalSection
EndGlobal
